
Microsoft Visual Studio Solution File, Format Version 12.00
# Visual Studio 15
VisualStudioVersion = 15.0.27703.2042
MinimumVisualStudioVersion = 10.0.40219.1
Project("{FAE04EC0-301F-11D3-BF4B-00C04F79EFBC}") = "CDmon-DynamicDNS-Updater", "CDmon_DynamicDNS_Updater\CDmon-DynamicDNS-Updater.csproj", "{029A0932-FDFE-4DDF-94BC-14119A5F622D}"
EndProject
Global
	GlobalSection(SolutionConfigurationPlatforms) = preSolution
		Debug|Any CPU = Debug|Any CPU
		Release|Any CPU = Release|Any CPU
	EndGlobalSection
	GlobalSection(ProjectConfigurationPlatforms) = postSolution
		{029A0932-FDFE-4DDF-94BC-14119A5F622D}.Debug|Any CPU.ActiveCfg = Debug|Any CPU
		{029A0932-FDFE-4DDF-94BC-14119A5F622D}.Debug|Any CPU.Build.0 = Debug|Any CPU
		{029A0932-FDFE-4DDF-94BC-14119A5F622D}.Release|Any CPU.ActiveCfg = Release|Any CPU
		{029A0932-FDFE-4DDF-94BC-14119A5F622D}.Release|Any CPU.Build.0 = Release|Any CPU
	EndGlobalSection
	GlobalSection(SolutionProperties) = preSolution
		HideSolutionNode = FALSE
	EndGlobalSection
	GlobalSection(ExtensibilityGlobals) = postSolution
		SolutionGuid = {052D0445-CBE1-4971-AAA2-6515F34B949A}
	EndGlobalSection
EndGlobal
